
Microsoft Visual Studio Solution File, Format Version 12.00
# Visual Studio 15
VisualStudioVersion = 15.0.27703.2000
MinimumVisualStudioVersion = 10.0.40219.1
Project("{FAE04EC0-301F-11D3-BF4B-00C04F79EFBC}") = "WindowsService2", "WindowsService2\WindowsService2.csproj", "{99239498-ED85-497F-B580-C0390A4F77EF}"
EndProject
Global
	GlobalSection(SolutionConfigurationPlatforms) = preSolution
		Debug|Any CPU = Debug|Any CPU
		Release|Any CPU = Release|Any CPU
	EndGlobalSection
	GlobalSection(ProjectConfigurationPlatforms) = postSolution
		{99239498-ED85-497F-B580-C0390A4F77EF}.Debug|Any CPU.ActiveCfg = Debug|Any CPU
		{99239498-ED85-497F-B580-C0390A4F77EF}.Debug|Any CPU.Build.0 = Debug|Any CPU
		{99239498-ED85-497F-B580-C0390A4F77EF}.Release|Any CPU.ActiveCfg = Release|Any CPU
		{99239498-ED85-497F-B580-C0390A4F77EF}.Release|Any CPU.Build.0 = Release|Any CPU
	EndGlobalSection
	GlobalSection(SolutionProperties) = preSolution
		HideSolutionNode = FALSE
	EndGlobalSection
	GlobalSection(ExtensibilityGlobals) = postSolution
		SolutionGuid = {D98EA0CC-789A-4DC5-8DE7-67033AC9A38F}
	EndGlobalSection
EndGlobal
